// !$*UTF8*$!
{
	archiveVersion = 1;
	classes = {
	};
	objectVersion = 46;
	objects = {

/* Begin PBXBuildFile section */
		55065BDD1CCFF0850039577F /* AppDelegate.swift in Sources */ = {isa = PBXBuildFile; fileRef = 55065BDC1CCFF0850039577F /* AppDelegate.swift */; };
		55065BDF1CCFF0850039577F /* ViewController.swift in Sources */ = {isa = PBXBuildFile; fileRef = 55065BDE1CCFF0850039577F /* ViewController.swift */; };
		55065BE21CCFF0850039577F /* Main.storyboard in Resources */ = {isa = PBXBuildFile; fileRef = 55065BE01CCFF0850039577F /* Main.storyboard */; };
		55065BE41CCFF0850039577F /* Assets.xcassets in Resources */ = {isa = PBXBuildFile; fileRef = 55065BE31CCFF0850039577F /* Assets.xcassets */; };
		55065BE71CCFF0850039577F /* LaunchScreen.storyboard in Resources */ = {isa = PBXBuildFile; fileRef = 55065BE51CCFF0850039577F /* LaunchScreen.storyboard */; };
		55065BF21CCFF0850039577F /* ehn_yes_finalTests.swift in Sources */ = {isa = PBXBuildFile; fileRef = 55065BF11CCFF0850039577F /* ehn_yes_finalTests.swift */; };
		55065BFD1CCFF0850039577F /* ehn_yes_finalUITests.swift in Sources */ = {isa = PBXBuildFile; fileRef = 55065BFC1CCFF0850039577F /* ehn_yes_finalUITests.swift */; };
/* End PBXBuildFile section */

/* Begin PBXContainerItemProxy section */
		55065BEE1CCFF0850039577F /* PBXContainerItemProxy */ = {
			isa = PBXContainerItemProxy;
			containerPortal = 55065BD11CCFF0850039577F /* Project object */;
			proxyType = 1;
			remoteGlobalIDString = 55065BD81CCFF0850039577F;
			remoteInfo = ehn_yes_final;
		};
		55065BF91CCFF0850039577F /* PBXContainerItemProxy */ = {
			isa = PBXContainerItemProxy;
			containerPortal = 55065BD11CCFF0850039577F /* Project object */;
			proxyType = 1;
			remoteGlobalIDString = 55065BD81CCFF0850039577F;
			remoteInfo = ehn_yes_final;
		};
/* End PBXContainerItemProxy section */

/* Begin PBXFileReference section */
		55065BD91CCFF0850039577F /* ehn_yes_final.app */ = {isa = PBXFileReference; explicitFileType = wrapper.application; includeInIndex = 0; path = ehn_yes_final.app; sourceTree = BUILT_PRODUCTS_DIR; };
		55065BDC1CCFF0850039577F /* AppDelegate.swift */ = {isa = PBXFileReference; lastKnownFileType = sourcecode.swift; path = AppDelegate.swift; sourceTree = "<group>"; };
		55065BDE1CCFF0850039577F /* ViewController.swift */ = {isa = PBXFileReference; lastKnownFileType = sourcecode.swift; path = ViewController.swift; sourceTree = "<group>"; };
		55065BE11CCFF0850039577F /* Base */ = {isa = PBXFileReference; lastKnownFileType = file.storyboard; name = Base; path = Base.lproj/Main.storyboard; sourceTree = "<group>"; };
		55065BE31CCFF0850039577F /* Assets.xcassets */ = {isa = PBXFileReference; lastKnownFileType = folder.assetcatalog; path = Assets.xcassets; sourceTree = "<group>"; };
		55065BE61CCFF0850039577F /* Base */ = {isa = PBXFileReference; lastKnownFileType = file.storyboard; name = Base; path = Base.lproj/LaunchScreen.storyboard; sourceTree = "<group>"; };
		55065BE81CCFF0850039577F /* Info.plist */ = {isa = PBXFileReference; lastKnownFileType = text.plist.xml; path = Info.plist; sourceTree = "<group>"; };
		55065BED1CCFF0850039577F /* ehn_yes_finalTests.xctest */ = {isa = PBXFileReference; explicitFileType = wrapper.cfbundle; includeInIndex = 0; path = ehn_yes_finalTests.xctest; sourceTree = BUILT_PRODUCTS_DIR; };
		55065BF11CCFF0850039577F /* ehn_yes_finalTests.swift */ = {isa = PBXFileReference; lastKnownFileType = sourcecode.swift; path = ehn_yes_finalTests.swift; sourceTree = "<group>"; };
		55065BF31CCFF0850039577F /* Info.plist */ = {isa = PBXFileReference; lastKnownFileType = text.plist.xml; path = Info.plist; sourceTree = "<group>"; };
		55065BF81CCFF0850039577F /* ehn_yes_finalUITests.xctest */ = {isa = PBXFileReference; explicitFileType = wrapper.cfbundle; includeInIndex = 0; path = ehn_yes_finalUITests.xctest; sourceTree = BUILT_PRODUCTS_DIR; };
		55065BFC1CCFF0850039577F /* ehn_yes_finalUITests.swift */ = {isa = PBXFileReference; lastKnownFileType = sourcecode.swift; path = ehn_yes_finalUITests.swift; sourceTree = "<group>"; };
		55065BFE1CCFF0850039577F /* Info.plist */ = {isa = PBXFileReference; lastKnownFileType = text.plist.xml; path = Info.plist; sourceTree = "<group>"; };
/* End PBXFileReference section */

/* Begin PBXFrameworksBuildPhase section */
		55065BD61CCFF0850039577F /* Frameworks */ = {
			isa = PBXFrameworksBuildPhase;
			buildActionMask = 2147483647;
			files = (
			);
			runOnlyForDeploymentPostprocessing = 0;
		};
		55065BEA1CCFF0850039577F /* Frameworks */ = {
			isa = PBXFrameworksBuildPhase;
			buildActionMask = 2147483647;
			files = (
			);
			runOnlyForDeploymentPostprocessing = 0;
		};
		55065BF51CCFF0850039577F /* Frameworks */ = {
			isa = PBXFrameworksBuildPhase;
			buildActionMask = 2147483647;
			files = (
			);
			runOnlyForDeploymentPostprocessing = 0;
		};
/* End PBXFrameworksBuildPhase section */

/* Begin PBXGroup section */
		55065BD01CCFF0850039577F = {
			isa = PBXGroup;
			children = (
				55065BDB1CCFF0850039577F /* ehn_yes_final */,
				55065BF01CCFF0850039577F /* ehn_yes_finalTests */,
				55065BFB1CCFF0850039577F /* ehn_yes_finalUITests */,
				55065BDA1CCFF0850039577F /* Products */,
			);
			sourceTree = "<group>";
		};
		55065BDA1CCFF0850039577F /* Products */ = {
			isa = PBXGroup;
			children = (
				55065BD91CCFF0850039577F /* ehn_yes_final.app */,
				55065BED1CCFF0850039577F /* ehn_yes_finalTests.xctest */,
				55065BF81CCFF0850039577F /* ehn_yes_finalUITests.xctest */,
			);
			name = Products;
			sourceTree = "<group>";
		};
		55065BDB1CCFF0850039577F /* ehn_yes_final */ = {
			isa = PBXGroup;
			children = (
				55065BDC1CCFF0850039577F /* AppDelegate.swift */,
				55065BDE1CCFF0850039577F /* ViewController.swift */,
				55065BE01CCFF0850039577F /* Main.storyboard */,
				55065BE31CCFF0850039577F /* Assets.xcassets */,
				55065BE51CCFF0850039577F /* LaunchScreen.storyboard */,
				55065BE81CCFF0850039577F /* Info.plist */,
			);
			path = ehn_yes_final;
			sourceTree = "<group>";
		};
		55065BF01CCFF0850039577F /* ehn_yes_finalTests */ = {
			isa = PBXGroup;
			children = (
				55065BF11CCFF0850039577F /* ehn_yes_finalTests.swift */,
				55065BF31CCFF0850039577F /* Info.plist */,
			);
			path = ehn_yes_finalTests;
			sourceTree = "<group>";
		};
		55065BFB1CCFF0850039577F /* ehn_yes_finalUITests */ = {
			isa = PBXGroup;
			children = (
				55065BFC1CCFF0850039577F /* ehn_yes_finalUITests.swift */,
				55065BFE1CCFF0850039577F /* Info.plist */,
			);
			path = ehn_yes_finalUITests;
			sourceTree = "<group>";
		};
/* End PBXGroup section */

/* Begin PBXNativeTarget section */
		55065BD81CCFF0850039577F /* ehn_yes_final */ = {
			isa = PBXNativeTarget;
			buildConfigurationList = 55065C011CCFF0850039577F /* Build configuration list for PBXNativeTarget "ehn_yes_final" */;
			buildPhases = (
				55065BD51CCFF0850039577F /* Sources */,
				55065BD61CCFF0850039577F /* Frameworks */,
				55065BD71CCFF0850039577F /* Resources */,
			);
			buildRules = (
			);
			dependencies = (
			);
			name = ehn_yes_final;
			productName = ehn_yes_final;
			productReference = 55065BD91CCFF0850039577F /* ehn_yes_final.app */;
			productType = "com.apple.product-type.application";
		};
		55065BEC1CCFF0850039577F /* ehn_yes_finalTests */ = {
			isa = PBXNativeTarget;
			buildConfigurationList = 55065C041CCFF0850039577F /* Build configuration list for PBXNativeTarget "ehn_yes_finalTests" */;
			buildPhases = (
				55065BE91CCFF0850039577F /* Sources */,
				55065BEA1CCFF0850039577F /* Frameworks */,
				55065BEB1CCFF0850039577F /* Resources */,
			);
			buildRules = (
			);
			dependencies = (
				55065BEF1CCFF0850039577F /* PBXTargetDependency */,
			);
			name = ehn_yes_finalTests;
			productName = ehn_yes_finalTests;
			productReference = 55065BED1CCFF0850039577F /* ehn_yes_finalTests.xctest */;
			productType = "com.apple.product-type.bundle.unit-test";
		};
		55065BF71CCFF0850039577F /* ehn_yes_finalUITests */ = {
			isa = PBXNativeTarget;
			buildConfigurationList = 55065C071CCFF0850039577F /* Build configuration list for PBXNativeTarget "ehn_yes_finalUITests" */;
			buildPhases = (
				55065BF41CCFF0850039577F /* Sources */,
				55065BF51CCFF0850039577F /* Frameworks */,
				55065BF61CCFF0850039577F /* Resources */,
			);
			buildRules = (
			);
			dependencies = (
				55065BFA1CCFF0850039577F /* PBXTargetDependency */,
			);
			name = ehn_yes_finalUITests;
			productName = ehn_yes_finalUITests;
			productReference = 55065BF81CCFF0850039577F /* ehn_yes_finalUITests.xctest */;
			productType = "com.apple.product-type.bundle.ui-testing";
		};
/* End PBXNativeTarget section */

/* Begin PBXProject section */
		55065BD11CCFF0850039577F /* Project object */ = {
			isa = PBXProject;
			attributes = {
				LastSwiftUpdateCheck = 0720;
				LastUpgradeCheck = 0720;
				ORGANIZATIONNAME = "Robert Reyes Jr";
				TargetAttributes = {
					55065BD81CCFF0850039577F = {
						CreatedOnToolsVersion = 7.2.1;
					};
					55065BEC1CCFF0850039577F = {
						CreatedOnToolsVersion = 7.2.1;
						TestTargetID = 55065BD81CCFF0850039577F;
					};
					55065BF71CCFF0850039577F = {
						CreatedOnToolsVersion = 7.2.1;
						TestTargetID = 55065BD81CCFF0850039577F;
					};
				};
			};
			buildConfigurationList = 55065BD41CCFF0850039577F /* Build configuration list for PBXProject "ehn_yes_final" */;
			compatibilityVersion = "Xcode 3.2";
			developmentRegion = English;
			hasScannedForEncodings = 0;
			knownRegions = (
				en,
				Base,
			);
			mainGroup = 55065BD01CCFF0850039577F;
			productRefGroup = 55065BDA1CCFF0850039577F /* Products */;
			projectDirPath = "";
			projectRoot = "";
			targets = (
				55065BD81CCFF0850039577F /* ehn_yes_final */,
				55065BEC1CCFF0850039577F /* ehn_yes_finalTests */,
				55065BF71CCFF0850039577F /* ehn_yes_finalUITests */,
			);
		};
/* End PBXProject section */

/* Begin PBXResourcesBuildPhase section */
		55065BD71CCFF0850039577F /* Resources */ = {
			isa = PBXResourcesBuildPhase;
			buildActionMask = 2147483647;
			files = (
				55065BE71CCFF0850039577F /* LaunchScreen.storyboard in Resources */,
				55065BE41CCFF0850039577F /* Assets.xcassets in Resources */,
				55065BE21CCFF0850039577F /* Main.storyboard in Resources */,
			);
			runOnlyForDeploymentPostprocessing = 0;
		};
		55065BEB1CCFF0850039577F /* Resources */ = {
			isa = PBXResourcesBuildPhase;
			buildActionMask = 2147483647;
			files = (
			);
			runOnlyForDeploymentPostprocessing = 0;
		};
		55065BF61CCFF0850039577F /* Resources */ = {
			isa = PBXResourcesBuildPhase;
			buildActionMask = 2147483647;
			files = (
			);
			runOnlyForDeploymentPostprocessing = 0;
		};
/* End PBXResourcesBuildPhase section */

/* Begin PBXSourcesBuildPhase section */
		55065BD51CCFF0850039577F /* Sources */ = {
			isa = PBXSourcesBuildPhase;
			buildActionMask = 2147483647;
			files = (
				55065BDF1CCFF0850039577F /* ViewController.swift in Sources */,
				55065BDD1CCFF0850039577F /* AppDelegate.swift in Sources */,
			);
			runOnlyForDeploymentPostprocessing = 0;
		};
		55065BE91CCFF0850039577F /* Sources */ = {
			isa = PBXSourcesBuildPhase;
			buildActionMask = 2147483647;
			files = (
				55065BF21CCFF0850039577F /* ehn_yes_finalTests.swift in Sources */,
			);
			runOnlyForDeploymentPostprocessing = 0;
		};
		55065BF41CCFF0850039577F /* Sources */ = {
			isa = PBXSourcesBuildPhase;
			buildActionMask = 2147483647;
			files = (
				55065BFD1CCFF0850039577F /* ehn_yes_finalUITests.swift in Sources */,
			);
			runOnlyForDeploymentPostprocessing = 0;
		};
/* End PBXSourcesBuildPhase section */

/* Begin PBXTargetDependency section */
		55065BEF1CCFF0850039577F /* PBXTargetDependency */ = {
			isa = PBXTargetDependency;
			target = 55065BD81CCFF0850039577F /* ehn_yes_final */;
			targetProxy = 55065BEE1CCFF0850039577F /* PBXContainerItemProxy */;
		};
		55065BFA1CCFF0850039577F /* PBXTargetDependency */ = {
			isa = PBXTargetDependency;
			target = 55065BD81CCFF0850039577F /* ehn_yes_final */;
			targetProxy = 55065BF91CCFF0850039577F /* PBXContainerItemProxy */;
		};
/* End PBXTargetDependency section */

/* Begin PBXVariantGroup section */
		55065BE01CCFF0850039577F /* Main.storyboard */ = {
			isa = PBXVariantGroup;
			children = (
				55065BE11CCFF0850039577F /* Base */,
			);
			name = Main.storyboard;
			sourceTree = "<group>";
		};
		55065BE51CCFF0850039577F /* LaunchScreen.storyboard */ = {
			isa = PBXVariantGroup;
			children = (
				55065BE61CCFF0850039577F /* Base */,
			);
			name = LaunchScreen.storyboard;
			sourceTree = "<group>";
		};
/* End PBXVariantGroup section */

/* Begin XCBuildConfiguration section */
		55065BFF1CCFF0850039577F /* Debug */ = {
			isa = XCBuildConfiguration;
			buildSettings = {
				ALWAYS_SEARCH_USER_PATHS = NO;
				CLANG_CXX_LANGUAGE_STANDARD = "gnu++0x";
				CLANG_CXX_LIBRARY = "libc++";
				CLANG_ENABLE_MODULES = YES;
				CLANG_ENABLE_OBJC_ARC = YES;
				CLANG_WARN_BOOL_CONVERSION = YES;
				CLANG_WARN_CONSTANT_CONVERSION = YES;
				CLANG_WARN_DIRECT_OBJC_ISA_USAGE = YES_ERROR;
				CLANG_WARN_EMPTY_BODY = YES;
				CLANG_WARN_ENUM_CONVERSION = YES;
				CLANG_WARN_INT_CONVERSION = YES;
				CLANG_WARN_OBJC_ROOT_CLASS = YES_ERROR;
				CLANG_WARN_UNREACHABLE_CODE = YES;
				CLANG_WARN__DUPLICATE_METHOD_MATCH = YES;
				"CODE_SIGN_IDENTITY[sdk=iphoneos*]" = "iPhone Developer";
				COPY_PHASE_STRIP = NO;
				DEBUG_INFORMATION_FORMAT = dwarf;
				ENABLE_STRICT_OBJC_MSGSEND = YES;
				ENABLE_TESTABILITY = YES;
				GCC_C_LANGUAGE_STANDARD = gnu99;
				GCC_DYNAMIC_NO_PIC = NO;
				GCC_NO_COMMON_BLOCKS = YES;
				GCC_OPTIMIZATION_LEVEL = 0;
				GCC_PREPROCESSOR_DEFINITIONS = (
					"DEBUG=1",
					"$(inherited)",
				);
				GCC_WARN_64_TO_32_BIT_CONVERSION = YES;
				GCC_WARN_ABOUT_RETURN_TYPE = YES_ERROR;
				GCC_WARN_UNDECLARED_SELECTOR = YES;
				GCC_WARN_UNINITIALIZED_AUTOS = YES_AGGRESSIVE;
				GCC_WARN_UNUSED_FUNCTION = YES;
				GCC_WARN_UNUSED_VARIABLE = YES;
				IPHONEOS_DEPLOYMENT_TARGET = 9.2;
				MTL_ENABLE_DEBUG_INFO = YES;
				ONLY_ACTIVE_ARCH = YES;
				SDKROOT = iphoneos;
				SWIFT_OPTIMIZATION_LEVEL = "-Onone";
			};
			name = Debug;
		};
		55065C001CCFF0850039577F /* Release */ = {
			isa = XCBuildConfiguration;
			buildSettings = {
				ALWAYS_SEARCH_USER_PATHS = NO;
				CLANG_CXX_LANGUAGE_STANDARD = "gnu++0x";
				CLANG_CXX_LIBRARY = "libc++";
				CLANG_ENABLE_MODULES = YES;
				CLANG_ENABLE_OBJC_ARC = YES;
				CLANG_WARN_BOOL_CONVERSION = YES;
				CLANG_WARN_CONSTANT_CONVERSION = YES;
				CLANG_WARN_DIRECT_OBJC_ISA_USAGE = YES_ERROR;
				CLANG_WARN_EMPTY_BODY = YES;
				CLANG_WARN_ENUM_CONVERSION = YES;
				CLANG_WARN_INT_CONVERSION = YES;
				CLANG_WARN_OBJC_ROOT_CLASS = YES_ERROR;
				CLANG_WARN_UNREACHABLE_CODE = YES;
				CLANG_WARN__DUPLICATE_METHOD_MATCH = YES;
				"CODE_SIGN_IDENTITY[sdk=iphoneos*]" = "iPhone Developer";
				COPY_PHASE_STRIP = NO;
				DEBUG_INFORMATION_FORMAT = "dwarf-with-dsym";
				ENABLE_NS_ASSERTIONS = NO;
				ENABLE_STRICT_OBJC_MSGSEND = YES;
				GCC_C_LANGUAGE_STANDARD = gnu99;
				GCC_NO_COMMON_BLOCKS = YES;
				GCC_WARN_64_TO_32_BIT_CONVERSION = YES;
				GCC_WARN_ABOUT_RETURN_TYPE = YES_ERROR;
				GCC_WARN_UNDECLARED_SELECTOR = YES;
				GCC_WARN_UNINITIALIZED_AUTOS = YES_AGGRESSIVE;
				GCC_WARN_UNUSED_FUNCTION = YES;
				GCC_WARN_UNUSED_VARIABLE = YES;
				IPHONEOS_DEPLOYMENT_TARGET = 9.2;
				MTL_ENABLE_DEBUG_INFO = NO;
				SDKROOT = iphoneos;
				VALIDATE_PRODUCT = YES;
			};
			name = Release;
		};
		55065C021CCFF0850039577F /* Debug */ = {
			isa = XCBuildConfiguration;
			buildSettings = {
				ASSETCATALOG_COMPILER_APPICON_NAME = AppIcon;
				INFOPLIST_FILE = ehn_yes_final/Info.plist;
				LD_RUNPATH_SEARCH_PATHS = "$(inherited) @executable_path/Frameworks";
				PRODUCT_BUNDLE_IDENTIFIER = "com.forma.ehn-yes-final";
				PRODUCT_NAME = "$(TARGET_NAME)";
			};
			name = Debug;
		};
		55065C031CCFF0850039577F /* Release */ = {
			isa = XCBuildConfiguration;
			buildSettings = {
				ASSETCATALOG_COMPILER_APPICON_NAME = AppIcon;
				INFOPLIST_FILE = ehn_yes_final/Info.plist;
				LD_RUNPATH_SEARCH_PATHS = "$(inherited) @executable_path/Frameworks";
				PRODUCT_BUNDLE_IDENTIFIER = "com.forma.ehn-yes-final";
				PRODUCT_NAME = "$(TARGET_NAME)";
			};
			name = Release;
		};
		55065C051CCFF0850039577F /* Debug */ = {
			isa = XCBuildConfiguration;
			buildSettings = {
				BUNDLE_LOADER = "$(TEST_HOST)";
				INFOPLIST_FILE = ehn_yes_finalTests/Info.plist;
				LD_RUNPATH_SEARCH_PATHS = "$(inherited) @executable_path/Frameworks @loader_path/Frameworks";
				PRODUCT_BUNDLE_IDENTIFIER = "com.forma.ehn-yes-finalTests";
				PRODUCT_NAME = "$(TARGET_NAME)";
				TEST_HOST = "$(BUILT_PRODUCTS_DIR)/ehn_yes_final.app/ehn_yes_final";
			};
			name = Debug;
		};
		55065C061CCFF0850039577F /* Release */ = {
			isa = XCBuildConfiguration;
			buildSettings = {
				BUNDLE_LOADER = "$(TEST_HOST)";
				INFOPLIST_FILE = ehn_yes_finalTests/Info.plist;
				LD_RUNPATH_SEARCH_PATHS = "$(inherited) @executable_path/Frameworks @loader_path/Frameworks";
				PRODUCT_BUNDLE_IDENTIFIER = "com.forma.ehn-yes-finalTests";
				PRODUCT_NAME = "$(TARGET_NAME)";
				TEST_HOST = "$(BUILT_PRODUCTS_DIR)/ehn_yes_final.app/ehn_yes_final";
			};
			name = Release;
		};
		55065C081CCFF0850039577F /* Debug */ = {
			isa = XCBuildConfiguration;
			buildSettings = {
				INFOPLIST_FILE = ehn_yes_finalUITests/Info.plist;
				LD_RUNPATH_SEARCH_PATHS = "$(inherited) @executable_path/Frameworks @loader_path/Frameworks";
				PRODUCT_BUNDLE_IDENTIFIER = "com.forma.ehn-yes-finalUITests";
				PRODUCT_NAME = "$(TARGET_NAME)";
				TEST_TARGET_NAME = ehn_yes_final;
				USES_XCTRUNNER = YES;
			};
			name = Debug;
		};
		55065C091CCFF0850039577F /* Release */ = {
			isa = XCBuildConfiguration;
			buildSettings = {
				INFOPLIST_FILE = ehn_yes_finalUITests/Info.plist;
				LD_RUNPATH_SEARCH_PATHS = "$(inherited) @executable_path/Frameworks @loader_path/Frameworks";
				PRODUCT_BUNDLE_IDENTIFIER = "com.forma.ehn-yes-finalUITests";
				PRODUCT_NAME = "$(TARGET_NAME)";
				TEST_TARGET_NAME = ehn_yes_final;
				USES_XCTRUNNER = YES;
			};
			name = Release;
		};
/* End XCBuildConfiguration section */

/* Begin XCConfigurationList section */
		55065BD41CCFF0850039577F /* Build configuration list for PBXProject "ehn_yes_final" */ = {
			isa = XCConfigurationList;
			buildConfigurations = (
				55065BFF1CCFF0850039577F /* Debug */,
				55065C001CCFF0850039577F /* Release */,
			);
			defaultConfigurationIsVisible = 0;
			defaultConfigurationName = Release;
		};
		55065C011CCFF0850039577F /* Build configuration list for PBXNativeTarget "ehn_yes_final" */ = {
			isa = XCConfigurationList;
			buildConfigurations = (
				55065C021CCFF0850039577F /* Debug */,
				55065C031CCFF0850039577F /* Release */,
			);
			defaultConfigurationIsVisible = 0;
		};
		55065C041CCFF0850039577F /* Build configuration list for PBXNativeTarget "ehn_yes_finalTests" */ = {
			isa = XCConfigurationList;
			buildConfigurations = (
				55065C051CCFF0850039577F /* Debug */,
				55065C061CCFF0850039577F /* Release */,
			);
			defaultConfigurationIsVisible = 0;
		};
		55065C071CCFF0850039577F /* Build configuration list for PBXNativeTarget "ehn_yes_finalUITests" */ = {
			isa = XCConfigurationList;
			buildConfigurations = (
				55065C081CCFF0850039577F /* Debug */,
				55065C091CCFF0850039577F /* Release */,
			);
			defaultConfigurationIsVisible = 0;
		};
/* End XCConfigurationList section */
	};
	rootObject = 55065BD11CCFF0850039577F /* Project object */;
}
